// !$*UTF8*$!
{
	archiveVersion = 1;
	classes = {
	};
	objectVersion = 46;
	objects = {

/* Begin PBXBuildFile section */
		201E6B011F2035D400471515 /* ClassController.swift in Sources */ = {isa = PBXBuildFile; fileRef = 201E6B001F2035D400471515 /* ClassController.swift */; };
		201E6B031F20364A00471515 /* ClassView.swift in Sources */ = {isa = PBXBuildFile; fileRef = 201E6B021F20364A00471515 /* ClassView.swift */; };
		201E6B061F203A3C00471515 /* MainController.swift in Sources */ = {isa = PBXBuildFile; fileRef = 201E6B051F203A3C00471515 /* MainController.swift */; };
		201E6B081F2073A000471515 /* CreditHoursCollectionController.swift in Sources */ = {isa = PBXBuildFile; fileRef = 201E6B071F2073A000471515 /* CreditHoursCollectionController.swift */; };
		202A4B6A1F27B8A300AE8960 /* GradingScaleCollectionController.swift in Sources */ = {isa = PBXBuildFile; fileRef = 202A4B691F27B8A300AE8960 /* GradingScaleCollectionController.swift */; };
		202A4B7C1F27DBD000AE8960 /* ScaleViewCell.swift in Sources */ = {isa = PBXBuildFile; fileRef = 202A4B7B1F27DBD000AE8960 /* ScaleViewCell.swift */; };
		202A4B821F293EB300AE8960 /* Class.swift in Sources */ = {isa = PBXBuildFile; fileRef = 202A4B811F293EB300AE8960 /* Class.swift */; };
		202A4B841F29548200AE8960 /* Student.swift in Sources */ = {isa = PBXBuildFile; fileRef = 202A4B831F29548200AE8960 /* Student.swift */; };
		202A4B861F2A35C600AE8960 /* GradingScale.swift in Sources */ = {isa = PBXBuildFile; fileRef = 202A4B851F2A35C600AE8960 /* GradingScale.swift */; };
		20C5BF151EF1F93A006A03C1 /* AppDelegate.swift in Sources */ = {isa = PBXBuildFile; fileRef = 20C5BF141EF1F93A006A03C1 /* AppDelegate.swift */; };
		20C5BF1A1EF1F93B006A03C1 /* Main.storyboard in Resources */ = {isa = PBXBuildFile; fileRef = 20C5BF181EF1F93B006A03C1 /* Main.storyboard */; };
		20C5BF1C1EF1F93B006A03C1 /* Assets.xcassets in Resources */ = {isa = PBXBuildFile; fileRef = 20C5BF1B1EF1F93B006A03C1 /* Assets.xcassets */; };
		20C5BF1F1EF1F93B006A03C1 /* LaunchScreen.storyboard in Resources */ = {isa = PBXBuildFile; fileRef = 20C5BF1D1EF1F93B006A03C1 /* LaunchScreen.storyboard */; };
		20C5BF2A1EF1F93B006A03C1 /* GPACalculatorTests.swift in Sources */ = {isa = PBXBuildFile; fileRef = 20C5BF291EF1F93B006A03C1 /* GPACalculatorTests.swift */; };
/* End PBXBuildFile section */

/* Begin PBXContainerItemProxy section */
		20C5BF261EF1F93B006A03C1 /* PBXContainerItemProxy */ = {
			isa = PBXContainerItemProxy;
			containerPortal = 20C5BF091EF1F93A006A03C1 /* Project object */;
			proxyType = 1;
			remoteGlobalIDString = 20C5BF101EF1F93A006A03C1;
			remoteInfo = GPACalculator;
		};
/* End PBXContainerItemProxy section */

/* Begin PBXFileReference section */
		201E6B001F2035D400471515 /* ClassController.swift */ = {isa = PBXFileReference; fileEncoding = 4; lastKnownFileType = sourcecode.swift; path = ClassController.swift; sourceTree = "<group>"; };
		201E6B021F20364A00471515 /* ClassView.swift */ = {isa = PBXFileReference; fileEncoding = 4; lastKnownFileType = sourcecode.swift; path = ClassView.swift; sourceTree = "<group>"; };
		201E6B051F203A3C00471515 /* MainController.swift */ = {isa = PBXFileReference; fileEncoding = 4; lastKnownFileType = sourcecode.swift; path = MainController.swift; sourceTree = "<group>"; };
		201E6B071F2073A000471515 /* CreditHoursCollectionController.swift */ = {isa = PBXFileReference; fileEncoding = 4; lastKnownFileType = sourcecode.swift; path = CreditHoursCollectionController.swift; sourceTree = "<group>"; };
		202A4B691F27B8A300AE8960 /* GradingScaleCollectionController.swift */ = {isa = PBXFileReference; fileEncoding = 4; lastKnownFileType = sourcecode.swift; path = GradingScaleCollectionController.swift; sourceTree = "<group>"; };
		202A4B7B1F27DBD000AE8960 /* ScaleViewCell.swift */ = {isa = PBXFileReference; fileEncoding = 4; lastKnownFileType = sourcecode.swift; path = ScaleViewCell.swift; sourceTree = "<group>"; };
		202A4B811F293EB300AE8960 /* Class.swift */ = {isa = PBXFileReference; fileEncoding = 4; lastKnownFileType = sourcecode.swift; path = Class.swift; sourceTree = "<group>"; };
		202A4B831F29548200AE8960 /* Student.swift */ = {isa = PBXFileReference; fileEncoding = 4; lastKnownFileType = sourcecode.swift; path = Student.swift; sourceTree = "<group>"; };
		202A4B851F2A35C600AE8960 /* GradingScale.swift */ = {isa = PBXFileReference; fileEncoding = 4; lastKnownFileType = sourcecode.swift; path = GradingScale.swift; sourceTree = "<group>"; };
		20C5BF111EF1F93A006A03C1 /* GPACalculator.app */ = {isa = PBXFileReference; explicitFileType = wrapper.application; includeInIndex = 0; path = GPACalculator.app; sourceTree = BUILT_PRODUCTS_DIR; };
		20C5BF141EF1F93A006A03C1 /* AppDelegate.swift */ = {isa = PBXFileReference; lastKnownFileType = sourcecode.swift; path = AppDelegate.swift; sourceTree = "<group>"; };
		20C5BF191EF1F93B006A03C1 /* Base */ = {isa = PBXFileReference; lastKnownFileType = file.storyboard; name = Base; path = Base.lproj/Main.storyboard; sourceTree = "<group>"; };
		20C5BF1B1EF1F93B006A03C1 /* Assets.xcassets */ = {isa = PBXFileReference; lastKnownFileType = folder.assetcatalog; path = Assets.xcassets; sourceTree = "<group>"; };
		20C5BF1E1EF1F93B006A03C1 /* Base */ = {isa = PBXFileReference; lastKnownFileType = file.storyboard; name = Base; path = Base.lproj/LaunchScreen.storyboard; sourceTree = "<group>"; };
		20C5BF201EF1F93B006A03C1 /* Info.plist */ = {isa = PBXFileReference; lastKnownFileType = text.plist.xml; path = Info.plist; sourceTree = "<group>"; };
		20C5BF251EF1F93B006A03C1 /* GPACalculatorTests.xctest */ = {isa = PBXFileReference; explicitFileType = wrapper.cfbundle; includeInIndex = 0; path = GPACalculatorTests.xctest; sourceTree = BUILT_PRODUCTS_DIR; };
		20C5BF291EF1F93B006A03C1 /* GPACalculatorTests.swift */ = {isa = PBXFileReference; lastKnownFileType = sourcecode.swift; path = GPACalculatorTests.swift; sourceTree = "<group>"; };
		20C5BF2B1EF1F93B006A03C1 /* Info.plist */ = {isa = PBXFileReference; lastKnownFileType = text.plist.xml; path = Info.plist; sourceTree = "<group>"; };
/* End PBXFileReference section */

/* Begin PBXFrameworksBuildPhase section */
		20C5BF0E1EF1F93A006A03C1 /* Frameworks */ = {
			isa = PBXFrameworksBuildPhase;
			buildActionMask = 2147483647;
			files = (
			);
			runOnlyForDeploymentPostprocessing = 0;
		};
		20C5BF221EF1F93B006A03C1 /* Frameworks */ = {
			isa = PBXFrameworksBuildPhase;
			buildActionMask = 2147483647;
			files = (
			);
			runOnlyForDeploymentPostprocessing = 0;
		};
/* End PBXFrameworksBuildPhase section */

/* Begin PBXGroup section */
		201E6AFF1F20358D00471515 /* Controllers */ = {
			isa = PBXGroup;
			children = (
				201E6B051F203A3C00471515 /* MainController.swift */,
				201E6B001F2035D400471515 /* ClassController.swift */,
				201E6B071F2073A000471515 /* CreditHoursCollectionController.swift */,
				202A4B691F27B8A300AE8960 /* GradingScaleCollectionController.swift */,
			);
			name = Controllers;
			sourceTree = "<group>";
		};
		201E6B041F20365100471515 /* Views */ = {
			isa = PBXGroup;
			children = (
				201E6B021F20364A00471515 /* ClassView.swift */,
				202A4B7B1F27DBD000AE8960 /* ScaleViewCell.swift */,
			);
			name = Views;
			sourceTree = "<group>";
		};
		201E6B091F20742400471515 /* Models */ = {
			isa = PBXGroup;
			children = (
				202A4B811F293EB300AE8960 /* Class.swift */,
				202A4B831F29548200AE8960 /* Student.swift */,
				202A4B851F2A35C600AE8960 /* GradingScale.swift */,
			);
			name = Models;
			sourceTree = "<group>";
		};
		20C5BF081EF1F93A006A03C1 = {
			isa = PBXGroup;
			children = (
				20C5BF131EF1F93A006A03C1 /* GPACalculator */,
				20C5BF281EF1F93B006A03C1 /* GPACalculatorTests */,
				20C5BF121EF1F93A006A03C1 /* Products */,
			);
			sourceTree = "<group>";
		};
		20C5BF121EF1F93A006A03C1 /* Products */ = {
			isa = PBXGroup;
			children = (
				20C5BF111EF1F93A006A03C1 /* GPACalculator.app */,
				20C5BF251EF1F93B006A03C1 /* GPACalculatorTests.xctest */,
			);
			name = Products;
			sourceTree = "<group>";
		};
		20C5BF131EF1F93A006A03C1 /* GPACalculator */ = {
			isa = PBXGroup;
			children = (
				201E6B091F20742400471515 /* Models */,
				201E6B041F20365100471515 /* Views */,
				201E6AFF1F20358D00471515 /* Controllers */,
				20C5BF141EF1F93A006A03C1 /* AppDelegate.swift */,
				20C5BF181EF1F93B006A03C1 /* Main.storyboard */,
				20C5BF1B1EF1F93B006A03C1 /* Assets.xcassets */,
				20C5BF1D1EF1F93B006A03C1 /* LaunchScreen.storyboard */,
				20C5BF201EF1F93B006A03C1 /* Info.plist */,
			);
			path = GPACalculator;
			sourceTree = "<group>";
		};
		20C5BF281EF1F93B006A03C1 /* GPACalculatorTests */ = {
			isa = PBXGroup;
			children = (
				20C5BF291EF1F93B006A03C1 /* GPACalculatorTests.swift */,
				20C5BF2B1EF1F93B006A03C1 /* Info.plist */,
			);
			path = GPACalculatorTests;
			sourceTree = "<group>";
		};
/* End PBXGroup section */

/* Begin PBXNativeTarget section */
		20C5BF101EF1F93A006A03C1 /* GPACalculator */ = {
			isa = PBXNativeTarget;
			buildConfigurationList = 20C5BF2E1EF1F93B006A03C1 /* Build configuration list for PBXNativeTarget "GPACalculator" */;
			buildPhases = (
				20C5BF0D1EF1F93A006A03C1 /* Sources */,
				20C5BF0E1EF1F93A006A03C1 /* Frameworks */,
				20C5BF0F1EF1F93A006A03C1 /* Resources */,
			);
			buildRules = (
			);
			dependencies = (
			);
			name = GPACalculator;
			productName = GPACalculator;
			productReference = 20C5BF111EF1F93A006A03C1 /* GPACalculator.app */;
			productType = "com.apple.product-type.application";
		};
		20C5BF241EF1F93B006A03C1 /* GPACalculatorTests */ = {
			isa = PBXNativeTarget;
			buildConfigurationList = 20C5BF311EF1F93B006A03C1 /* Build configuration list for PBXNativeTarget "GPACalculatorTests" */;
			buildPhases = (
				20C5BF211EF1F93B006A03C1 /* Sources */,
				20C5BF221EF1F93B006A03C1 /* Frameworks */,
				20C5BF231EF1F93B006A03C1 /* Resources */,
			);
			buildRules = (
			);
			dependencies = (
				20C5BF271EF1F93B006A03C1 /* PBXTargetDependency */,
			);
			name = GPACalculatorTests;
			productName = GPACalculatorTests;
			productReference = 20C5BF251EF1F93B006A03C1 /* GPACalculatorTests.xctest */;
			productType = "com.apple.product-type.bundle.unit-test";
		};
/* End PBXNativeTarget section */

/* Begin PBXProject section */
		20C5BF091EF1F93A006A03C1 /* Project object */ = {
			isa = PBXProject;
			attributes = {
				LastSwiftUpdateCheck = 0830;
				LastUpgradeCheck = 0830;
				ORGANIZATIONNAME = "Xander Moffatt";
				TargetAttributes = {
					20C5BF101EF1F93A006A03C1 = {
						CreatedOnToolsVersion = 8.3.3;
						ProvisioningStyle = Automatic;
					};
					20C5BF241EF1F93B006A03C1 = {
						CreatedOnToolsVersion = 8.3.3;
						ProvisioningStyle = Automatic;
						TestTargetID = 20C5BF101EF1F93A006A03C1;
					};
				};
			};
			buildConfigurationList = 20C5BF0C1EF1F93A006A03C1 /* Build configuration list for PBXProject "GPACalculator" */;
			compatibilityVersion = "Xcode 3.2";
			developmentRegion = English;
			hasScannedForEncodings = 0;
			knownRegions = (
				en,
				Base,
			);
			mainGroup = 20C5BF081EF1F93A006A03C1;
			productRefGroup = 20C5BF121EF1F93A006A03C1 /* Products */;
			projectDirPath = "";
			projectRoot = "";
			targets = (
				20C5BF101EF1F93A006A03C1 /* GPACalculator */,
				20C5BF241EF1F93B006A03C1 /* GPACalculatorTests */,
			);
		};
/* End PBXProject section */

/* Begin PBXResourcesBuildPhase section */
		20C5BF0F1EF1F93A006A03C1 /* Resources */ = {
			isa = PBXResourcesBuildPhase;
			buildActionMask = 2147483647;
			files = (
				20C5BF1F1EF1F93B006A03C1 /* LaunchScreen.storyboard in Resources */,
				20C5BF1C1EF1F93B006A03C1 /* Assets.xcassets in Resources */,
				20C5BF1A1EF1F93B006A03C1 /* Main.storyboard in Resources */,
			);
			runOnlyForDeploymentPostprocessing = 0;
		};
		20C5BF231EF1F93B006A03C1 /* Resources */ = {
			isa = PBXResourcesBuildPhase;
			buildActionMask = 2147483647;
			files = (
			);
			runOnlyForDeploymentPostprocessing = 0;
		};
/* End PBXResourcesBuildPhase section */

/* Begin PBXSourcesBuildPhase section */
		20C5BF0D1EF1F93A006A03C1 /* Sources */ = {
			isa = PBXSourcesBuildPhase;
			buildActionMask = 2147483647;
			files = (
				202A4B7C1F27DBD000AE8960 /* ScaleViewCell.swift in Sources */,
				201E6B061F203A3C00471515 /* MainController.swift in Sources */,
				201E6B011F2035D400471515 /* ClassController.swift in Sources */,
				20C5BF151EF1F93A006A03C1 /* AppDelegate.swift in Sources */,
				202A4B841F29548200AE8960 /* Student.swift in Sources */,
				202A4B821F293EB300AE8960 /* Class.swift in Sources */,
				202A4B6A1F27B8A300AE8960 /* GradingScaleCollectionController.swift in Sources */,
				202A4B861F2A35C600AE8960 /* GradingScale.swift in Sources */,
				201E6B081F2073A000471515 /* CreditHoursCollectionController.swift in Sources */,
				201E6B031F20364A00471515 /* ClassView.swift in Sources */,
			);
			runOnlyForDeploymentPostprocessing = 0;
		};
		20C5BF211EF1F93B006A03C1 /* Sources */ = {
			isa = PBXSourcesBuildPhase;
			buildActionMask = 2147483647;
			files = (
				20C5BF2A1EF1F93B006A03C1 /* GPACalculatorTests.swift in Sources */,
			);
			runOnlyForDeploymentPostprocessing = 0;
		};
/* End PBXSourcesBuildPhase section */

/* Begin PBXTargetDependency section */
		20C5BF271EF1F93B006A03C1 /* PBXTargetDependency */ = {
			isa = PBXTargetDependency;
			target = 20C5BF101EF1F93A006A03C1 /* GPACalculator */;
			targetProxy = 20C5BF261EF1F93B006A03C1 /* PBXContainerItemProxy */;
		};
/* End PBXTargetDependency section */

/* Begin PBXVariantGroup section */
		20C5BF181EF1F93B006A03C1 /* Main.storyboard */ = {
			isa = PBXVariantGroup;
			children = (
				20C5BF191EF1F93B006A03C1 /* Base */,
			);
			name = Main.storyboard;
			sourceTree = "<group>";
		};
		20C5BF1D1EF1F93B006A03C1 /* LaunchScreen.storyboard */ = {
			isa = PBXVariantGroup;
			children = (
				20C5BF1E1EF1F93B006A03C1 /* Base */,
			);
			name = LaunchScreen.storyboard;
			sourceTree = "<group>";
		};
/* End PBXVariantGroup section */

/* Begin XCBuildConfiguration section */
		20C5BF2C1EF1F93B006A03C1 /* Debug */ = {
			isa = XCBuildConfiguration;
			buildSettings = {
				ALWAYS_SEARCH_USER_PATHS = NO;
				CLANG_ANALYZER_NONNULL = YES;
				CLANG_ANALYZER_NUMBER_OBJECT_CONVERSION = YES_AGGRESSIVE;
				CLANG_CXX_LANGUAGE_STANDARD = "gnu++0x";
				CLANG_CXX_LIBRARY = "libc++";
				CLANG_ENABLE_MODULES = YES;
				CLANG_ENABLE_OBJC_ARC = YES;
				CLANG_WARN_BOOL_CONVERSION = YES;
				CLANG_WARN_CONSTANT_CONVERSION = YES;
				CLANG_WARN_DIRECT_OBJC_ISA_USAGE = YES_ERROR;
				CLANG_WARN_DOCUMENTATION_COMMENTS = YES;
				CLANG_WARN_EMPTY_BODY = YES;
				CLANG_WARN_ENUM_CONVERSION = YES;
				CLANG_WARN_INFINITE_RECURSION = YES;
				CLANG_WARN_INT_CONVERSION = YES;
				CLANG_WARN_OBJC_ROOT_CLASS = YES_ERROR;
				CLANG_WARN_SUSPICIOUS_MOVE = YES;
				CLANG_WARN_UNREACHABLE_CODE = YES;
				CLANG_WARN__DUPLICATE_METHOD_MATCH = YES;
				"CODE_SIGN_IDENTITY[sdk=iphoneos*]" = "iPhone Developer";
				COPY_PHASE_STRIP = NO;
				DEBUG_INFORMATION_FORMAT = dwarf;
				ENABLE_STRICT_OBJC_MSGSEND = YES;
				ENABLE_TESTABILITY = YES;
				GCC_C_LANGUAGE_STANDARD = gnu99;
				GCC_DYNAMIC_NO_PIC = NO;
				GCC_NO_COMMON_BLOCKS = YES;
				GCC_OPTIMIZATION_LEVEL = 0;
				GCC_PREPROCESSOR_DEFINITIONS = (
					"DEBUG=1",
					"$(inherited)",
				);
				GCC_WARN_64_TO_32_BIT_CONVERSION = YES;
				GCC_WARN_ABOUT_RETURN_TYPE = YES_ERROR;
				GCC_WARN_UNDECLARED_SELECTOR = YES;
				GCC_WARN_UNINITIALIZED_AUTOS = YES_AGGRESSIVE;
				GCC_WARN_UNUSED_FUNCTION = YES;
				GCC_WARN_UNUSED_VARIABLE = YES;
				IPHONEOS_DEPLOYMENT_TARGET = 10.3;
				MTL_ENABLE_DEBUG_INFO = YES;
				ONLY_ACTIVE_ARCH = YES;
				SDKROOT = iphoneos;
				SWIFT_ACTIVE_COMPILATION_CONDITIONS = DEBUG;
				SWIFT_OPTIMIZATION_LEVEL = "-Onone";
				TARGETED_DEVICE_FAMILY = "1,2";
			};
			name = Debug;
		};
		20C5BF2D1EF1F93B006A03C1 /* Release */ = {
			isa = XCBuildConfiguration;
			buildSettings = {
				ALWAYS_SEARCH_USER_PATHS = NO;
				CLANG_ANALYZER_NONNULL = YES;
				CLANG_ANALYZER_NUMBER_OBJECT_CONVERSION = YES_AGGRESSIVE;
				CLANG_CXX_LANGUAGE_STANDARD = "gnu++0x";
				CLANG_CXX_LIBRARY = "libc++";
				CLANG_ENABLE_MODULES = YES;
				CLANG_ENABLE_OBJC_ARC = YES;
				CLANG_WARN_BOOL_CONVERSION = YES;
				CLANG_WARN_CONSTANT_CONVERSION = YES;
				CLANG_WARN_DIRECT_OBJC_ISA_USAGE = YES_ERROR;
				CLANG_WARN_DOCUMENTATION_COMMENTS = YES;
				CLANG_WARN_EMPTY_BODY = YES;
				CLANG_WARN_ENUM_CONVERSION = YES;
				CLANG_WARN_INFINITE_RECURSION = YES;
				CLANG_WARN_INT_CONVERSION = YES;
				CLANG_WARN_OBJC_ROOT_CLASS = YES_ERROR;
				CLANG_WARN_SUSPICIOUS_MOVE = YES;
				CLANG_WARN_UNREACHABLE_CODE = YES;
				CLANG_WARN__DUPLICATE_METHOD_MATCH = YES;
				"CODE_SIGN_IDENTITY[sdk=iphoneos*]" = "iPhone Developer";
				COPY_PHASE_STRIP = NO;
				DEBUG_INFORMATION_FORMAT = "dwarf-with-dsym";
				ENABLE_NS_ASSERTIONS = NO;
				ENABLE_STRICT_OBJC_MSGSEND = YES;
				GCC_C_LANGUAGE_STANDARD = gnu99;
				GCC_NO_COMMON_BLOCKS = YES;
				GCC_WARN_64_TO_32_BIT_CONVERSION = YES;
				GCC_WARN_ABOUT_RETURN_TYPE = YES_ERROR;
				GCC_WARN_UNDECLARED_SELECTOR = YES;
				GCC_WARN_UNINITIALIZED_AUTOS = YES_AGGRESSIVE;
				GCC_WARN_UNUSED_FUNCTION = YES;
				GCC_WARN_UNUSED_VARIABLE = YES;
				IPHONEOS_DEPLOYMENT_TARGET = 10.3;
				MTL_ENABLE_DEBUG_INFO = NO;
				SDKROOT = iphoneos;
				SWIFT_OPTIMIZATION_LEVEL = "-Owholemodule";
				TARGETED_DEVICE_FAMILY = "1,2";
				VALIDATE_PRODUCT = YES;
			};
			name = Release;
		};
		20C5BF2F1EF1F93B006A03C1 /* Debug */ = {
			isa = XCBuildConfiguration;
			buildSettings = {
				ASSETCATALOG_COMPILER_APPICON_NAME = AppIcon;
				INFOPLIST_FILE = GPACalculator/Info.plist;
				LD_RUNPATH_SEARCH_PATHS = "$(inherited) @executable_path/Frameworks";
				PRODUCT_BUNDLE_IDENTIFIER = com.example.GPACalculator;
				PRODUCT_NAME = "$(TARGET_NAME)";
				SWIFT_VERSION = 3.0;
			};
			name = Debug;
		};
		20C5BF301EF1F93B006A03C1 /* Release */ = {
			isa = XCBuildConfiguration;
			buildSettings = {
				ASSETCATALOG_COMPILER_APPICON_NAME = AppIcon;
				INFOPLIST_FILE = GPACalculator/Info.plist;
				LD_RUNPATH_SEARCH_PATHS = "$(inherited) @executable_path/Frameworks";
				PRODUCT_BUNDLE_IDENTIFIER = com.example.GPACalculator;
				PRODUCT_NAME = "$(TARGET_NAME)";
				SWIFT_VERSION = 3.0;
			};
			name = Release;
		};
		20C5BF321EF1F93B006A03C1 /* Debug */ = {
			isa = XCBuildConfiguration;
			buildSettings = {
				ALWAYS_EMBED_SWIFT_STANDARD_LIBRARIES = YES;
				BUNDLE_LOADER = "$(TEST_HOST)";
				INFOPLIST_FILE = GPACalculatorTests/Info.plist;
				LD_RUNPATH_SEARCH_PATHS = "$(inherited) @executable_path/Frameworks @loader_path/Frameworks";
				PRODUCT_BUNDLE_IDENTIFIER = com.example.GPACalculatorTests;
				PRODUCT_NAME = "$(TARGET_NAME)";
				SWIFT_VERSION = 3.0;
				TEST_HOST = "$(BUILT_PRODUCTS_DIR)/GPACalculator.app/GPACalculator";
			};
			name = Debug;
		};
		20C5BF331EF1F93B006A03C1 /* Release */ = {
			isa = XCBuildConfiguration;
			buildSettings = {
				ALWAYS_EMBED_SWIFT_STANDARD_LIBRARIES = YES;
				BUNDLE_LOADER = "$(TEST_HOST)";
				INFOPLIST_FILE = GPACalculatorTests/Info.plist;
				LD_RUNPATH_SEARCH_PATHS = "$(inherited) @executable_path/Frameworks @loader_path/Frameworks";
				PRODUCT_BUNDLE_IDENTIFIER = com.example.GPACalculatorTests;
				PRODUCT_NAME = "$(TARGET_NAME)";
				SWIFT_VERSION = 3.0;
				TEST_HOST = "$(BUILT_PRODUCTS_DIR)/GPACalculator.app/GPACalculator";
			};
			name = Release;
		};
/* End XCBuildConfiguration section */

/* Begin XCConfigurationList section */
		20C5BF0C1EF1F93A006A03C1 /* Build configuration list for PBXProject "GPACalculator" */ = {
			isa = XCConfigurationList;
			buildConfigurations = (
				20C5BF2C1EF1F93B006A03C1 /* Debug */,
				20C5BF2D1EF1F93B006A03C1 /* Release */,
			);
			defaultConfigurationIsVisible = 0;
			defaultConfigurationName = Release;
		};
		20C5BF2E1EF1F93B006A03C1 /* Build configuration list for PBXNativeTarget "GPACalculator" */ = {
			isa = XCConfigurationList;
			buildConfigurations = (
				20C5BF2F1EF1F93B006A03C1 /* Debug */,
				20C5BF301EF1F93B006A03C1 /* Release */,
			);
			defaultConfigurationIsVisible = 0;
			defaultConfigurationName = Release;
		};
		20C5BF311EF1F93B006A03C1 /* Build configuration list for PBXNativeTarget "GPACalculatorTests" */ = {
			isa = XCConfigurationList;
			buildConfigurations = (
				20C5BF321EF1F93B006A03C1 /* Debug */,
				20C5BF331EF1F93B006A03C1 /* Release */,
			);
			defaultConfigurationIsVisible = 0;
			defaultConfigurationName = Release;
		};
/* End XCConfigurationList section */
	};
	rootObject = 20C5BF091EF1F93A006A03C1 /* Project object */;
}
